{
  "name": "GestionRendez-vous",
  "lockfileVersion": 2,
  "requires": true,
  "packages": {
    "": {
      "dependencies": {
        "@mathieustan/vue-datepicker": "^0.2.11",
        "sweetalert": "^2.1.2"
      }
    },
    "node_modules/@mathieustan/vue-datepicker": {
      "version": "0.2.11",
      "resolved": "https://registry.npmjs.org/@mathieustan/vue-datepicker/-/vue-datepicker-0.2.11.tgz",
      "integrity": "sha512-+EQvlAwnC0fn8UCUgYaGI1r027HzrIWIbqtcYZMQ8TRZbhzT3ILXlqRSxX4z547vF7dpmCjNyvpLAF5zFMnQug==",
      "dependencies": {
        "body-scroll-lock": "^2.6.1",
        "dayjs": "1.8.24"
      },
      "peerDependencies": {
        "core-js": "^2.6.5",
        "vue": "^2.6.10"
      }
    },
    "node_modules/body-scroll-lock": {
      "version": "2.7.1",
      "resolved": "https://registry.npmjs.org/body-scroll-lock/-/body-scroll-lock-2.7.1.tgz",
      "integrity": "sha512-hS53SQ8RhM0e4DsQ3PKz6Gr2O7Kpdh59TWU98GHjaQznL7y4dFycEPk7pFQAikqBaUSCArkc5E3pe7CWIt2fZA=="
    },
    "node_modules/core-js": {
      "version": "2.6.12",
      "resolved": "https://registry.npmjs.org/core-js/-/core-js-2.6.12.tgz",
      "integrity": "sha512-Kb2wC0fvsWfQrgk8HU5lW6U/Lcs8+9aaYcy4ZFc6DDlo4nZ7n70dEgE5rtR0oG6ufKDUnrwfWL1mXR5ljDatrQ==",
      "deprecated": "core-js@<3.4 is no longer maintained and not recommended for usage due to the number of issues. Because of the V8 engine whims, feature detection in old core-js versions could cause a slowdown up to 100x even if nothing is polyfilled. Please, upgrade your dependencies to the actual version of core-js.",
      "hasInstallScript": true,
      "peer": true
    },
    "node_modules/dayjs": {
      "version": "1.8.24",
      "resolved": "https://registry.npmjs.org/dayjs/-/dayjs-1.8.24.tgz",
      "integrity": "sha512-bImQZbBv86zcOWOq6fLg7r4aqMx8fScdmykA7cSh+gH1Yh8AM0Dbw0gHYrsOrza6oBBnkK+/OaR+UAa9UsMrDw=="
    },
    "node_modules/es6-object-assign": {
      "version": "1.1.0",
      "resolved": "https://registry.npmjs.org/es6-object-assign/-/es6-object-assign-1.1.0.tgz",
      "integrity": "sha1-wsNYJlYkfDnqEHyx5mUrb58kUjw="
    },
    "node_modules/promise-polyfill": {
      "version": "6.1.0",
      "resolved": "https://registry.npmjs.org/promise-polyfill/-/promise-polyfill-6.1.0.tgz",
      "integrity": "sha1-36lpQ+qcEh/KTem1hoyznTRy4Fc="
    },
    "node_modules/sweetalert": {
      "version": "2.1.2",
      "resolved": "https://registry.npmjs.org/sweetalert/-/sweetalert-2.1.2.tgz",
      "integrity": "sha512-iWx7X4anRBNDa/a+AdTmvAzQtkN1+s4j/JJRWlHpYE8Qimkohs8/XnFcWeYHH2lMA8LRCa5tj2d244If3S/hzA==",
      "dependencies": {
        "es6-object-assign": "^1.1.0",
        "promise-polyfill": "^6.0.2"
      }
    },
    "node_modules/vue": {
      "version": "2.6.14",
      "resolved": "https://registry.npmjs.org/vue/-/vue-2.6.14.tgz",
      "integrity": "sha512-x2284lgYvjOMj3Za7kqzRcUSxBboHqtgRE2zlos1qWaOye5yUmHn42LB1250NJBLRwEcdrB0JRwyPTEPhfQjiQ==",
      "peer": true
    }
  },
  "dependencies": {
    "@mathieustan/vue-datepicker": {
      "version": "0.2.11",
      "resolved": "https://registry.npmjs.org/@mathieustan/vue-datepicker/-/vue-datepicker-0.2.11.tgz",
      "integrity": "sha512-+EQvlAwnC0fn8UCUgYaGI1r027HzrIWIbqtcYZMQ8TRZbhzT3ILXlqRSxX4z547vF7dpmCjNyvpLAF5zFMnQug==",
      "requires": {
        "body-scroll-lock": "^2.6.1",
        "dayjs": "1.8.24"
      }
    },
    "body-scroll-lock": {
      "version": "2.7.1",
      "resolved": "https://registry.npmjs.org/body-scroll-lock/-/body-scroll-lock-2.7.1.tgz",
      "integrity": "sha512-hS53SQ8RhM0e4DsQ3PKz6Gr2O7Kpdh59TWU98GHjaQznL7y4dFycEPk7pFQAikqBaUSCArkc5E3pe7CWIt2fZA=="
    },
    "core-js": {
      "version": "2.6.12",
      "resolved": "https://registry.npmjs.org/core-js/-/core-js-2.6.12.tgz",
      "integrity": "sha512-Kb2wC0fvsWfQrgk8HU5lW6U/Lcs8+9aaYcy4ZFc6DDlo4nZ7n70dEgE5rtR0oG6ufKDUnrwfWL1mXR5ljDatrQ==",
      "peer": true
    },
    "dayjs": {
      "version": "1.8.24",
      "resolved": "https://registry.npmjs.org/dayjs/-/dayjs-1.8.24.tgz",
      "integrity": "sha512-bImQZbBv86zcOWOq6fLg7r4aqMx8fScdmykA7cSh+gH1Yh8AM0Dbw0gHYrsOrza6oBBnkK+/OaR+UAa9UsMrDw=="
    },
    "es6-object-assign": {
      "version": "1.1.0",
      "resolved": "https://registry.npmjs.org/es6-object-assign/-/es6-object-assign-1.1.0.tgz",
      "integrity": "sha1-wsNYJlYkfDnqEHyx5mUrb58kUjw="
    },
    "promise-polyfill": {
      "version": "6.1.0",
      "resolved": "https://registry.npmjs.org/promise-polyfill/-/promise-polyfill-6.1.0.tgz",
      "integrity": "sha1-36lpQ+qcEh/KTem1hoyznTRy4Fc="
    },
    "sweetalert": {
      "version": "2.1.2",
      "resolved": "https://registry.npmjs.org/sweetalert/-/sweetalert-2.1.2.tgz",
      "integrity": "sha512-iWx7X4anRBNDa/a+AdTmvAzQtkN1+s4j/JJRWlHpYE8Qimkohs8/XnFcWeYHH2lMA8LRCa5tj2d244If3S/hzA==",
      "requires": {
        "es6-object-assign": "^1.1.0",
        "promise-polyfill": "^6.0.2"
      }
    },
    "vue": {
      "version": "2.6.14",
      "resolved": "https://registry.npmjs.org/vue/-/vue-2.6.14.tgz",
      "integrity": "sha512-x2284lgYvjOMj3Za7kqzRcUSxBboHqtgRE2zlos1qWaOye5yUmHn42LB1250NJBLRwEcdrB0JRwyPTEPhfQjiQ==",
      "peer": true
    }
  }
}
